
Microsoft Visual Studio Solution File, Format Version 12.00
# Visual Studio Version 17
VisualStudioVersion = 17.8.34316.72
MinimumVisualStudioVersion = 10.0.40219.1
Project("{FAE04EC0-301F-11D3-BF4B-00C04F79EFBC}") = "CadastroCD.Server", "CadastroCD.Server\CadastroCD.Server.csproj", "{D308FC74-F76D-4BFC-AA38-A0FFAD126988}"
EndProject
Project("{54A90642-561A-4BB1-A94E-469ADEE60C69}") = "cadastrocd.client", "cadastrocd.client\cadastrocd.client.esproj", "{88A1ED2F-3472-4791-8311-8C103F8543C0}"
EndProject
Project("{2150E333-8FDC-42A3-9474-1A3956D46DE8}") = "Api", "Api", "{B9564729-136A-45A4-AFBB-E5B0AB28BEED}"
EndProject
Project("{2150E333-8FDC-42A3-9474-1A3956D46DE8}") = "Data", "Data", "{1370BCA2-8EDD-4B9C-8CBF-3448AAA425E4}"
EndProject
Project("{2150E333-8FDC-42A3-9474-1A3956D46DE8}") = "Domain", "Domain", "{213DE6A2-0921-40CF-96C6-412155B7F778}"
EndProject
Project("{FAE04EC0-301F-11D3-BF4B-00C04F79EFBC}") = "Cd.Domain", "CadastroCd.Domain\Cd.Domain.csproj", "{BC6D6D54-3B7B-48AA-B75D-DD9281E3B45D}"
EndProject
Project("{FAE04EC0-301F-11D3-BF4B-00C04F79EFBC}") = "Cd.Repository", "CdRepository\Cd.Repository.csproj", "{3A401F1E-9CA0-4CF0-A1DD-993EADFB4E50}"
EndProject
Global
	GlobalSection(SolutionConfigurationPlatforms) = preSolution
		Debug|Any CPU = Debug|Any CPU
		Release|Any CPU = Release|Any CPU
	EndGlobalSection
	GlobalSection(ProjectConfigurationPlatforms) = postSolution
		{D308FC74-F76D-4BFC-AA38-A0FFAD126988}.Debug|Any CPU.ActiveCfg = Debug|Any CPU
		{D308FC74-F76D-4BFC-AA38-A0FFAD126988}.Debug|Any CPU.Build.0 = Debug|Any CPU
		{D308FC74-F76D-4BFC-AA38-A0FFAD126988}.Release|Any CPU.ActiveCfg = Release|Any CPU
		{D308FC74-F76D-4BFC-AA38-A0FFAD126988}.Release|Any CPU.Build.0 = Release|Any CPU
		{88A1ED2F-3472-4791-8311-8C103F8543C0}.Debug|Any CPU.ActiveCfg = Debug|Any CPU
		{88A1ED2F-3472-4791-8311-8C103F8543C0}.Debug|Any CPU.Build.0 = Debug|Any CPU
		{88A1ED2F-3472-4791-8311-8C103F8543C0}.Debug|Any CPU.Deploy.0 = Debug|Any CPU
		{88A1ED2F-3472-4791-8311-8C103F8543C0}.Release|Any CPU.ActiveCfg = Release|Any CPU
		{88A1ED2F-3472-4791-8311-8C103F8543C0}.Release|Any CPU.Build.0 = Release|Any CPU
		{88A1ED2F-3472-4791-8311-8C103F8543C0}.Release|Any CPU.Deploy.0 = Release|Any CPU
		{BC6D6D54-3B7B-48AA-B75D-DD9281E3B45D}.Debug|Any CPU.ActiveCfg = Debug|Any CPU
		{BC6D6D54-3B7B-48AA-B75D-DD9281E3B45D}.Debug|Any CPU.Build.0 = Debug|Any CPU
		{BC6D6D54-3B7B-48AA-B75D-DD9281E3B45D}.Release|Any CPU.ActiveCfg = Release|Any CPU
		{BC6D6D54-3B7B-48AA-B75D-DD9281E3B45D}.Release|Any CPU.Build.0 = Release|Any CPU
		{3A401F1E-9CA0-4CF0-A1DD-993EADFB4E50}.Debug|Any CPU.ActiveCfg = Debug|Any CPU
		{3A401F1E-9CA0-4CF0-A1DD-993EADFB4E50}.Debug|Any CPU.Build.0 = Debug|Any CPU
		{3A401F1E-9CA0-4CF0-A1DD-993EADFB4E50}.Release|Any CPU.ActiveCfg = Release|Any CPU
		{3A401F1E-9CA0-4CF0-A1DD-993EADFB4E50}.Release|Any CPU.Build.0 = Release|Any CPU
	EndGlobalSection
	GlobalSection(SolutionProperties) = preSolution
		HideSolutionNode = FALSE
	EndGlobalSection
	GlobalSection(NestedProjects) = preSolution
		{D308FC74-F76D-4BFC-AA38-A0FFAD126988} = {B9564729-136A-45A4-AFBB-E5B0AB28BEED}
		{BC6D6D54-3B7B-48AA-B75D-DD9281E3B45D} = {213DE6A2-0921-40CF-96C6-412155B7F778}
		{3A401F1E-9CA0-4CF0-A1DD-993EADFB4E50} = {1370BCA2-8EDD-4B9C-8CBF-3448AAA425E4}
	EndGlobalSection
	GlobalSection(ExtensibilityGlobals) = postSolution
		SolutionGuid = {8EB52BA3-622B-416C-A1D3-D3EE6B67C739}
	EndGlobalSection
EndGlobal
